{
  "name": "PieWorld",
  "lockfileVersion": 3,
  "requires": true,
  "packages": {
  "": {
    "name": "PieWorld",
    "version": "1.0.0",
    "dependencies": {
      "react": "^18.2.0"
    }
  },
  "node_modules/react": {
    "version": "18.2.0",
    "resolved": "https://registry.npmjs.org/react/-/react-18.2.0.tgz",
    "integrity": "sha512-XXXX",
    "dev": false
  }
}
}
